
Microsoft Visual Studio Solution File, Format Version 12.00
Project("{2150E333-8FDC-42A3-9474-1A3956D46DE8}") = "src", "src", "{02216202-92E7-40A9-B86F-09371C4CB918}"
EndProject
Project("{FAE04EC0-301F-11D3-BF4B-00C04F79EFBC}") = "RmsRetro.Api", "src\RmsRetro.Api\RmsRetro.Api.csproj", "{1025FCA0-6D30-486D-AC71-1A2DC9F86D63}"
EndProject
Project("{FAE04EC0-301F-11D3-BF4B-00C04F79EFBC}") = "RmsRetro.Protos", "src\RmsRetro.Protos\RmsRetro.Protos.csproj", "{C6089208-4B0B-4EAD-80D1-E30789723B41}"
EndProject
Project("{FAE04EC0-301F-11D3-BF4B-00C04F79EFBC}") = "RmsRetro.Common", "src\RmsRetro.Common\RmsRetro.Common.csproj", "{3C521B3E-C3A9-4E2D-BE4F-A96C77EF2D97}"
EndProject
Project("{2150E333-8FDC-42A3-9474-1A3956D46DE8}") = "core", "core", "{BB082833-0594-4FED-94D4-D76311C46799}"
EndProject
Project("{FAE04EC0-301F-11D3-BF4B-00C04F79EFBC}") = "RmsRetro.Silo", "src\core\RmsRetro.Silo\RmsRetro.Silo.csproj", "{5E92724E-68B8-4FDD-A4E6-78519FC0FCBC}"
EndProject
Project("{FAE04EC0-301F-11D3-BF4B-00C04F79EFBC}") = "RmsRetro.Grains", "src\core\RmsRetro.Grains\RmsRetro.Grains.csproj", "{5B058B14-D78D-4C70-B0A3-DEA48DF122EA}"
EndProject
Project("{FAE04EC0-301F-11D3-BF4B-00C04F79EFBC}") = "RmsRetro.Abstractions", "src\core\RmsRetro.Abstractions\RmsRetro.Abstractions.csproj", "{1D060A4B-1FA7-4A5C-A6F2-94001C327697}"
EndProject
Project("{2150E333-8FDC-42A3-9474-1A3956D46DE8}") = "hub", "hub", "{96C5E489-0021-4996-8EEC-F9784DC3A1DB}"
EndProject
Project("{FAE04EC0-301F-11D3-BF4B-00C04F79EFBC}") = "RmsRetro.MessageHub", "src\hub\RmsRetro.MessageHub\RmsRetro.MessageHub.csproj", "{1025FAAA-7E74-4195-8C34-85940AE7A7E3}"
EndProject
Project("{FAE04EC0-301F-11D3-BF4B-00C04F79EFBC}") = "RmsRetro.MessagHub.Protos", "src\hub\RmsRetro.MessagHub.Protos\RmsRetro.MessagHub.Protos.csproj", "{446D7AC4-0813-41BE-A4B7-A0EAB2B3670B}"
EndProject
Global
	GlobalSection(SolutionConfigurationPlatforms) = preSolution
		Debug|Any CPU = Debug|Any CPU
		Release|Any CPU = Release|Any CPU
	EndGlobalSection
	GlobalSection(NestedProjects) = preSolution
		{1025FCA0-6D30-486D-AC71-1A2DC9F86D63} = {02216202-92E7-40A9-B86F-09371C4CB918}
		{C6089208-4B0B-4EAD-80D1-E30789723B41} = {02216202-92E7-40A9-B86F-09371C4CB918}
		{3C521B3E-C3A9-4E2D-BE4F-A96C77EF2D97} = {02216202-92E7-40A9-B86F-09371C4CB918}
		{BB082833-0594-4FED-94D4-D76311C46799} = {02216202-92E7-40A9-B86F-09371C4CB918}
		{5E92724E-68B8-4FDD-A4E6-78519FC0FCBC} = {BB082833-0594-4FED-94D4-D76311C46799}
		{5B058B14-D78D-4C70-B0A3-DEA48DF122EA} = {BB082833-0594-4FED-94D4-D76311C46799}
		{1D060A4B-1FA7-4A5C-A6F2-94001C327697} = {BB082833-0594-4FED-94D4-D76311C46799}
		{96C5E489-0021-4996-8EEC-F9784DC3A1DB} = {02216202-92E7-40A9-B86F-09371C4CB918}
		{1025FAAA-7E74-4195-8C34-85940AE7A7E3} = {96C5E489-0021-4996-8EEC-F9784DC3A1DB}
		{446D7AC4-0813-41BE-A4B7-A0EAB2B3670B} = {96C5E489-0021-4996-8EEC-F9784DC3A1DB}
	EndGlobalSection
	GlobalSection(ProjectConfigurationPlatforms) = postSolution
		{1025FCA0-6D30-486D-AC71-1A2DC9F86D63}.Debug|Any CPU.ActiveCfg = Debug|Any CPU
		{1025FCA0-6D30-486D-AC71-1A2DC9F86D63}.Debug|Any CPU.Build.0 = Debug|Any CPU
		{1025FCA0-6D30-486D-AC71-1A2DC9F86D63}.Release|Any CPU.ActiveCfg = Release|Any CPU
		{1025FCA0-6D30-486D-AC71-1A2DC9F86D63}.Release|Any CPU.Build.0 = Release|Any CPU
		{C6089208-4B0B-4EAD-80D1-E30789723B41}.Debug|Any CPU.ActiveCfg = Debug|Any CPU
		{C6089208-4B0B-4EAD-80D1-E30789723B41}.Debug|Any CPU.Build.0 = Debug|Any CPU
		{C6089208-4B0B-4EAD-80D1-E30789723B41}.Release|Any CPU.ActiveCfg = Release|Any CPU
		{C6089208-4B0B-4EAD-80D1-E30789723B41}.Release|Any CPU.Build.0 = Release|Any CPU
		{3C521B3E-C3A9-4E2D-BE4F-A96C77EF2D97}.Debug|Any CPU.ActiveCfg = Debug|Any CPU
		{3C521B3E-C3A9-4E2D-BE4F-A96C77EF2D97}.Debug|Any CPU.Build.0 = Debug|Any CPU
		{3C521B3E-C3A9-4E2D-BE4F-A96C77EF2D97}.Release|Any CPU.ActiveCfg = Release|Any CPU
		{3C521B3E-C3A9-4E2D-BE4F-A96C77EF2D97}.Release|Any CPU.Build.0 = Release|Any CPU
		{5E92724E-68B8-4FDD-A4E6-78519FC0FCBC}.Debug|Any CPU.ActiveCfg = Debug|Any CPU
		{5E92724E-68B8-4FDD-A4E6-78519FC0FCBC}.Debug|Any CPU.Build.0 = Debug|Any CPU
		{5E92724E-68B8-4FDD-A4E6-78519FC0FCBC}.Release|Any CPU.ActiveCfg = Release|Any CPU
		{5E92724E-68B8-4FDD-A4E6-78519FC0FCBC}.Release|Any CPU.Build.0 = Release|Any CPU
		{5B058B14-D78D-4C70-B0A3-DEA48DF122EA}.Debug|Any CPU.ActiveCfg = Debug|Any CPU
		{5B058B14-D78D-4C70-B0A3-DEA48DF122EA}.Debug|Any CPU.Build.0 = Debug|Any CPU
		{5B058B14-D78D-4C70-B0A3-DEA48DF122EA}.Release|Any CPU.ActiveCfg = Release|Any CPU
		{5B058B14-D78D-4C70-B0A3-DEA48DF122EA}.Release|Any CPU.Build.0 = Release|Any CPU
		{1D060A4B-1FA7-4A5C-A6F2-94001C327697}.Debug|Any CPU.ActiveCfg = Debug|Any CPU
		{1D060A4B-1FA7-4A5C-A6F2-94001C327697}.Debug|Any CPU.Build.0 = Debug|Any CPU
		{1D060A4B-1FA7-4A5C-A6F2-94001C327697}.Release|Any CPU.ActiveCfg = Release|Any CPU
		{1D060A4B-1FA7-4A5C-A6F2-94001C327697}.Release|Any CPU.Build.0 = Release|Any CPU
		{1025FAAA-7E74-4195-8C34-85940AE7A7E3}.Debug|Any CPU.ActiveCfg = Debug|Any CPU
		{1025FAAA-7E74-4195-8C34-85940AE7A7E3}.Debug|Any CPU.Build.0 = Debug|Any CPU
		{1025FAAA-7E74-4195-8C34-85940AE7A7E3}.Release|Any CPU.ActiveCfg = Release|Any CPU
		{1025FAAA-7E74-4195-8C34-85940AE7A7E3}.Release|Any CPU.Build.0 = Release|Any CPU
		{446D7AC4-0813-41BE-A4B7-A0EAB2B3670B}.Debug|Any CPU.ActiveCfg = Debug|Any CPU
		{446D7AC4-0813-41BE-A4B7-A0EAB2B3670B}.Debug|Any CPU.Build.0 = Debug|Any CPU
		{446D7AC4-0813-41BE-A4B7-A0EAB2B3670B}.Release|Any CPU.ActiveCfg = Release|Any CPU
		{446D7AC4-0813-41BE-A4B7-A0EAB2B3670B}.Release|Any CPU.Build.0 = Release|Any CPU
	EndGlobalSection
EndGlobal
